
Microsoft Visual Studio Solution File, Format Version 12.00
# Visual Studio Version 16
VisualStudioVersion = 16.0.30225.117
MinimumVisualStudioVersion = 10.0.40219.1
Project("{FAE04EC0-301F-11D3-BF4B-00C04F79EFBC}") = "PdC_04_Iterator", "PdC_04_Iterator\PdC_04_Iterator.csproj", "{2429935C-1536-074D-10E0-9067F36CD5B9}"
EndProject
Project("{2150E333-8FDC-42A3-9474-1A3956D46DE8}") = "Solution Items", "Solution Items", "{AD0A955E-EBAF-44AD-B765-BB3C010B7550}"
	ProjectSection(SolutionItems) = preProject
		.editorconfig = .editorconfig
	EndProjectSection
EndProject
Global
	GlobalSection(SolutionConfigurationPlatforms) = preSolution
		Debug|Any CPU = Debug|Any CPU
		Release|Any CPU = Release|Any CPU
	EndGlobalSection
	GlobalSection(ProjectConfigurationPlatforms) = postSolution
		{2429935C-1536-074D-10E0-9067F36CD5B9}.Debug|Any CPU.ActiveCfg = Debug|Any CPU
		{2429935C-1536-074D-10E0-9067F36CD5B9}.Debug|Any CPU.Build.0 = Debug|Any CPU
		{2429935C-1536-074D-10E0-9067F36CD5B9}.Release|Any CPU.ActiveCfg = Release|Any CPU
		{2429935C-1536-074D-10E0-9067F36CD5B9}.Release|Any CPU.Build.0 = Release|Any CPU
	EndGlobalSection
	GlobalSection(SolutionProperties) = preSolution
		HideSolutionNode = FALSE
	EndGlobalSection
	GlobalSection(ExtensibilityGlobals) = postSolution
		SolutionGuid = {E54F02F6-C380-487D-89FF-2F70B59B7A9C}
	EndGlobalSection
EndGlobal
